<?xml version="1.0" encoding="utf-8"?>
<Project ToolsVersion="4.0" xmlns="http://schemas.microsoft.com/developer/msbuild/2003">
  <ItemGroup>
    <Filter Include="源文件">
      <UniqueIdentifier>{4FC737F1-C7A5-4376-A066-2A32D752A2FF}</UniqueIdentifier>
      <Extensions>cpp;c;cc;cxx;c++;cppm;ixx;def;odl;idl;hpj;bat;asm;asmx</Extensions>
    </Filter>
    <Filter Include="头文件">
      <UniqueIdentifier>{93995380-89BD-4b04-88EB-625FBE52EBFB}</UniqueIdentifier>
      <Extensions>h;hh;hpp;hxx;h++;hm;inl;inc;ipp;xsd</Extensions>
    </Filter>
    <Filter Include="资源文件">
      <UniqueIdentifier>{67DA6AB6-F800-4c08-8B7A-83BB121AAD01}</UniqueIdentifier>
      <Extensions>rc;ico;cur;bmp;dlg;rc2;rct;bin;rgs;gif;jpg;jpeg;jpe;resx;tiff;tif;png;wav;mfcribbon-ms</Extensions>
    </Filter>
    <Filter Include="android-base">
      <UniqueIdentifier>{fb31283d-78eb-4482-87e5-6e86260f0db6}</UniqueIdentifier>
    </Filter>
    <Filter Include="sysdeps">
      <UniqueIdentifier>{0b61bafd-e075-43e9-a914-549bd878b392}</UniqueIdentifier>
    </Filter>
    <Filter Include="fdevent">
      <UniqueIdentifier>{965f50b6-bc0f-42c1-9305-be4dac3f0c0f}</UniqueIdentifier>
    </Filter>
    <Filter Include="cutils">
      <UniqueIdentifier>{e7ae46de-78b4-49d8-b108-50c10cdad7c5}</UniqueIdentifier>
    </Filter>
    <Filter Include="dirent">
      <UniqueIdentifier>{57945104-f8bd-4f57-8a26-5cbff4161e27}</UniqueIdentifier>
    </Filter>
    <Filter Include="diagnose_usb">
      <UniqueIdentifier>{c7ad2fc6-c4b8-46d0-97fd-5888caf43b43}</UniqueIdentifier>
    </Filter>
    <Filter Include="crypto">
      <UniqueIdentifier>{365d1524-ca57-4ab1-88f4-ab0ccdfa79cd}</UniqueIdentifier>
    </Filter>
    <Filter Include="crypto_utils">
      <UniqueIdentifier>{627527bd-a499-4e2a-a499-27a496d8712f}</UniqueIdentifier>
    </Filter>
    <Filter Include="client">
      <UniqueIdentifier>{6d3a4f06-e189-4347-b848-8fc5e2e97b11}</UniqueIdentifier>
    </Filter>
    <Filter Include="tls">
      <UniqueIdentifier>{c9e32ceb-07df-4d5a-8604-bc0b1cbf227c}</UniqueIdentifier>
    </Filter>
    <Filter Include="discovery">
      <UniqueIdentifier>{d7ece50a-5a92-42a6-9158-87ceb31cc131}</UniqueIdentifier>
    </Filter>
    <Filter Include="platform">
      <UniqueIdentifier>{9e3acf8f-2dea-4619-9ff0-3569c254ec6b}</UniqueIdentifier>
    </Filter>
    <Filter Include="platform\base">
      <UniqueIdentifier>{9bfb6646-99e7-465e-ae06-46e08ca0a444}</UniqueIdentifier>
    </Filter>
    <Filter Include="discovery\public">
      <UniqueIdentifier>{b45bbeda-715c-481e-b9ce-cd5ae75323a0}</UniqueIdentifier>
    </Filter>
    <Filter Include="platform\api">
      <UniqueIdentifier>{3eec9094-0e24-449a-986d-00ad6352bd60}</UniqueIdentifier>
    </Filter>
    <Filter Include="client\openscreen">
      <UniqueIdentifier>{69c13865-e343-405e-9eb7-b3c07e1ba049}</UniqueIdentifier>
    </Filter>
    <Filter Include="discovery\dnssd">
      <UniqueIdentifier>{c209c70f-67af-47e4-a698-822a6d58b986}</UniqueIdentifier>
    </Filter>
    <Filter Include="discovery\dnssd\public">
      <UniqueIdentifier>{80ffcbec-58ae-4308-84b8-b42cfc2af06b}</UniqueIdentifier>
    </Filter>
    <Filter Include="util">
      <UniqueIdentifier>{826d4d23-3e74-44dc-be81-6a49c424f89b}</UniqueIdentifier>
    </Filter>
    <Filter Include="client\pairing">
      <UniqueIdentifier>{2bc8cbf9-acc1-4116-865b-1aa51b4ed6a0}</UniqueIdentifier>
    </Filter>
    <Filter Include="pairing_connection">
      <UniqueIdentifier>{1c1d64c1-1a99-47ac-8572-ee50ea95d378}</UniqueIdentifier>
    </Filter>
    <Filter Include="proto">
      <UniqueIdentifier>{a5e92974-0173-4bf2-b7dd-3227b59d2a98}</UniqueIdentifier>
    </Filter>
    <Filter Include="discovery\dnssd\impl">
      <UniqueIdentifier>{d0be6ece-3c57-4ab8-8f3b-80753e9c531b}</UniqueIdentifier>
    </Filter>
    <Filter Include="discovery\mdns">
      <UniqueIdentifier>{c20743a1-75ff-4c90-8a89-171273883ff0}</UniqueIdentifier>
    </Filter>
    <Filter Include="discovery\mdns\public">
      <UniqueIdentifier>{aa442487-0d28-4e8a-ae05-644bcbb0de83}</UniqueIdentifier>
    </Filter>
    <Filter Include="platform\impl">
      <UniqueIdentifier>{1b318cbc-2d2c-49c0-b0a4-4498dcb4739b}</UniqueIdentifier>
    </Filter>
    <Filter Include="pairing_auth">
      <UniqueIdentifier>{009d0174-eb4e-4f2c-a883-8e4563dd4e8a}</UniqueIdentifier>
    </Filter>
    <Filter Include="pairing">
      <UniqueIdentifier>{d8dd3e57-71b3-4fec-9afc-189595d66250}</UniqueIdentifier>
    </Filter>
    <Filter Include="client\platform">
      <UniqueIdentifier>{20e6d4c4-97b7-474f-8b33-41f0bcdd34a2}</UniqueIdentifier>
    </Filter>
  </ItemGroup>
  <ItemGroup>
    <ClCompile Include="adb.cpp">
      <Filter>源文件</Filter>
    </ClCompile>
    <ClCompile Include="errors_windows.cpp">
      <Filter>android-base</Filter>
    </ClCompile>
    <ClCompile Include="stringprintf.cpp">
      <Filter>android-base</Filter>
    </ClCompile>
    <ClCompile Include="strings.cpp">
      <Filter>android-base</Filter>
    </ClCompile>
    <ClCompile Include="utf8.cpp">
      <Filter>android-base</Filter>
    </ClCompile>
    <ClCompile Include="logging.cpp">
      <Filter>android-base</Filter>
    </ClCompile>
    <ClCompile Include="adb_trace.cpp">
      <Filter>源文件</Filter>
    </ClCompile>
    <ClCompile Include="sysdeps_win32.cpp">
      <Filter>源文件</Filter>
    </ClCompile>
    <ClCompile Include="file.cpp">
      <Filter>android-base</Filter>
    </ClCompile>
    <ClCompile Include="diagnose_usb.cpp">
      <Filter>diagnose_usb</Filter>
    </ClCompile>
    <ClCompile Include="auth.cpp">
      <Filter>源文件</Filter>
    </ClCompile>
    <ClCompile Include="key.cpp">
      <Filter>crypto</Filter>
    </ClCompile>
    <ClCompile Include="adb_io.cpp">
      <Filter>头文件</Filter>
    </ClCompile>
    <ClCompile Include="adb_listeners.cpp">
      <Filter>源文件</Filter>
    </ClCompile>
    <ClCompile Include="socket_spec.cpp">
      <Filter>源文件</Filter>
    </ClCompile>
    <ClCompile Include="adb_mdns.cpp">
      <Filter>源文件</Filter>
    </ClCompile>
    <ClCompile Include="adb_utils.cpp">
      <Filter>源文件</Filter>
    </ClCompile>
    <ClCompile Include="stat.cpp">
      <Filter>sysdeps</Filter>
    </ClCompile>
    <ClCompile Include="transport.cpp">
      <Filter>源文件</Filter>
    </ClCompile>
    <ClCompile Include="x509_generator.cpp">
      <Filter>crypto</Filter>
    </ClCompile>
    <ClCompile Include="android_pubkey.cpp">
      <Filter>crypto_utils</Filter>
    </ClCompile>
    <ClCompile Include="parsenetaddress.cpp">
      <Filter>android-base</Filter>
    </ClCompile>
    <ClCompile Include="transport_local.cpp">
      <Filter>client</Filter>
    </ClCompile>
    <ClCompile Include="transport_usb.cpp">
      <Filter>client</Filter>
    </ClCompile>
    <ClCompile Include="transport_mdns.cpp">
      <Filter>client</Filter>
    </ClCompile>
    <ClCompile Include="adb_client.cpp">
      <Filter>client</Filter>
    </ClCompile>
    <ClCompile Include="std_util.cc">
      <Filter>util</Filter>
    </ClCompile>
    <ClCompile Include="mdns_service_info.cpp">
      <Filter>client\openscreen</Filter>
    </ClCompile>
    <ClCompile Include="mdns_service_watcher.cpp">
      <Filter>client\openscreen</Filter>
    </ClCompile>
    <ClCompile Include="task_runner.cpp">
      <Filter>platform\api</Filter>
    </ClCompile>
    <ClCompile Include="adb_unique_fd.cpp">
      <Filter>源文件</Filter>
    </ClCompile>
    <ClCompile Include="fdevent.cpp">
      <Filter>fdevent</Filter>
    </ClCompile>
    <ClCompile Include="adb_wifi.cpp">
      <Filter>源文件</Filter>
    </ClCompile>
    <ClCompile Include="adb_known_hosts.pb.cc">
      <Filter>proto</Filter>
    </ClCompile>
    <ClCompile Include="key_type.pb.cc">
      <Filter>proto</Filter>
    </ClCompile>
    <ClCompile Include="usb_windows.cpp">
      <Filter>client</Filter>
    </ClCompile>
    <ClCompile Include="sockets.cpp">
      <Filter>源文件</Filter>
    </ClCompile>
    <ClCompile Include="services.cpp">
      <Filter>源文件</Filter>
    </ClCompile>
    <ClCompile Include="mdnsresponder_client.cpp">
      <Filter>client</Filter>
    </ClCompile>
    <ClCompile Include="types.cpp">
      <Filter>源文件</Filter>
    </ClCompile>
    <ClCompile Include="fdevent_poll.cpp">
      <Filter>fdevent</Filter>
    </ClCompile>
    <ClCompile Include="rsa_2048_key.cpp">
      <Filter>crypto</Filter>
    </ClCompile>
    <ClCompile Include="service_dispatcher.cc">
      <Filter>discovery\dnssd\impl</Filter>
    </ClCompile>
    <ClCompile Include="interface_info.cc">
      <Filter>platform\base</Filter>
    </ClCompile>
    <ClCompile Include="mdns_utils.cpp">
      <Filter>client</Filter>
    </ClCompile>
    <ClCompile Include="adb_ca_list.cpp">
      <Filter>tls</Filter>
    </ClCompile>
    <ClCompile Include="error.cc">
      <Filter>platform\base</Filter>
    </ClCompile>
    <ClCompile Include="ip_address.cc">
      <Filter>platform\base</Filter>
    </ClCompile>
    <ClCompile Include="env.cpp">
      <Filter>sysdeps</Filter>
    </ClCompile>
    <ClCompile Include="network_interface.cc">
      <Filter>platform\impl</Filter>
    </ClCompile>
    <ClCompile Include="network_interface_win.cc">
      <Filter>platform\api</Filter>
    </ClCompile>
    <ClCompile Include="service_instance.cc">
      <Filter>discovery\dnssd\impl</Filter>
    </ClCompile>
    <ClCompile Include="tls_connection.cpp">
      <Filter>tls</Filter>
    </ClCompile>
    <ClCompile Include="pairing_client.cpp">
      <Filter>client\pairing</Filter>
    </ClCompile>
    <ClCompile Include="pairing_connection.cpp">
      <Filter>pairing_connection</Filter>
    </ClCompile>
    <ClCompile Include="pairing.pb.cc">
      <Filter>proto</Filter>
    </ClCompile>
    <ClCompile Include="pairing_auth.cpp">
      <Filter>pairing_auth</Filter>
    </ClCompile>
    <ClCompile Include="aes_128_gcm.cpp">
      <Filter>pairing_auth</Filter>
    </ClCompile>
    <ClCompile Include="mdns_service_impl.cc">
      <Filter>discovery\mdns</Filter>
    </ClCompile>
    <ClCompile Include="udp_packet.cc">
      <Filter>platform\base</Filter>
    </ClCompile>
    <ClCompile Include="querier_impl.cc">
      <Filter>discovery\dnssd\impl</Filter>
    </ClCompile>
    <ClCompile Include="mdns_publisher.cc">
      <Filter>discovery\mdns</Filter>
    </ClCompile>
    <ClCompile Include="mdns_records.cc">
      <Filter>discovery\mdns</Filter>
    </ClCompile>
    <ClCompile Include="mdns_receiver.cc">
      <Filter>discovery\mdns</Filter>
    </ClCompile>
    <ClCompile Include="mdns_writer.cc">
      <Filter>discovery\mdns</Filter>
    </ClCompile>
    <ClCompile Include="dns_data_graph.cc">
      <Filter>discovery\dnssd\impl</Filter>
    </ClCompile>
    <ClCompile Include="conversion_layer.cc">
      <Filter>discovery\dnssd\impl</Filter>
    </ClCompile>
    <ClCompile Include="mdns_service.cc">
      <Filter>discovery\mdns\public</Filter>
    </ClCompile>
    <ClCompile Include="network_interface_config.cc">
      <Filter>discovery\dnssd\impl</Filter>
    </ClCompile>
    <ClCompile Include="service_key.cc">
      <Filter>discovery\dnssd\impl</Filter>
    </ClCompile>
    <ClCompile Include="mdns_sender.cc">
      <Filter>discovery\mdns</Filter>
    </ClCompile>
    <ClCompile Include="publisher_impl.cc">
      <Filter>discovery\dnssd\impl</Filter>
    </ClCompile>
    <ClCompile Include="dns_sd_instance.cc">
      <Filter>discovery\dnssd\public</Filter>
    </ClCompile>
    <ClCompile Include="big_endian.cc">
      <Filter>util</Filter>
    </ClCompile>
    <ClCompile Include="dns_sd_txt_record.cc">
      <Filter>discovery\dnssd\public</Filter>
    </ClCompile>
    <ClCompile Include="mdns_responder.cc">
      <Filter>discovery\mdns</Filter>
    </ClCompile>
    <ClCompile Include="mdns_reader.cc">
      <Filter>discovery\mdns</Filter>
    </ClCompile>
    <ClCompile Include="mdns_probe_manager.cc">
      <Filter>discovery\mdns</Filter>
    </ClCompile>
    <ClCompile Include="dns_sd_instance_endpoint.cc">
      <Filter>discovery\dnssd\public</Filter>
    </ClCompile>
    <ClCompile Include="mdns_querier.cc">
      <Filter>discovery\mdns</Filter>
    </ClCompile>
    <ClCompile Include="mdns_trackers.cc">
      <Filter>discovery\mdns</Filter>
    </ClCompile>
    <ClCompile Include="mdns_probe.cc">
      <Filter>discovery\mdns</Filter>
    </ClCompile>
    <ClCompile Include="alarm.cc">
      <Filter>util</Filter>
    </ClCompile>
    <ClCompile Include="udp_socket.cpp">
      <Filter>client\platform</Filter>
    </ClCompile>
    <ClCompile Include="instance_key.cc">
      <Filter>discovery\dnssd\impl</Filter>
    </ClCompile>
    <ClCompile Include="time.cc">
      <Filter>platform\impl</Filter>
    </ClCompile>
    <ClCompile Include="commandline.cpp">
      <Filter>源文件</Filter>
    </ClCompile>
  </ItemGroup>
  <ItemGroup>
    <ClInclude Include="commandline.h">
      <Filter>头文件</Filter>
    </ClInclude>
    <ClInclude Include="errors.h">
      <Filter>android-base</Filter>
    </ClInclude>
    <ClInclude Include="stringprintf.h">
      <Filter>android-base</Filter>
    </ClInclude>
    <ClInclude Include="strings.h">
      <Filter>android-base</Filter>
    </ClInclude>
    <ClInclude Include="utf8.h">
      <Filter>android-base</Filter>
    </ClInclude>
    <ClInclude Include="logging.h">
      <Filter>android-base</Filter>
    </ClInclude>
    <ClInclude Include="macros.h">
      <Filter>android-base</Filter>
    </ClInclude>
    <ClInclude Include="parseint.h">
      <Filter>android-base</Filter>
    </ClInclude>
    <ClInclude Include="file.h">
      <Filter>android-base</Filter>
    </ClInclude>
    <ClInclude Include="unique_fd.h">
      <Filter>android-base</Filter>
    </ClInclude>
    <ClInclude Include="parsenetaddress.h">
      <Filter>android-base</Filter>
    </ClInclude>
    <ClInclude Include="test_utils.h">
      <Filter>android-base</Filter>
    </ClInclude>
    <ClInclude Include="thread_annotations.h">
      <Filter>android-base</Filter>
    </ClInclude>
    <ClInclude Include="properties.h">
      <Filter>android-base</Filter>
    </ClInclude>
    <ClInclude Include="off64_t.h">
      <Filter>android-base</Filter>
    </ClInclude>
    <ClInclude Include="no_destructor.h">
      <Filter>android-base</Filter>
    </ClInclude>
    <ClInclude Include="cmsg.h">
      <Filter>android-base</Filter>
    </ClInclude>
    <ClInclude Include="collections.h">
      <Filter>android-base</Filter>
    </ClInclude>
    <ClInclude Include="endian.h">
      <Filter>android-base</Filter>
    </ClInclude>
    <ClInclude Include="mapped_file.h">
      <Filter>android-base</Filter>
    </ClInclude>
    <ClInclude Include="chrono_utils.h">
      <Filter>android-base</Filter>
    </ClInclude>
    <ClInclude Include="adb_trace.h">
      <Filter>头文件</Filter>
    </ClInclude>
    <ClInclude Include="sysdeps.h">
      <Filter>头文件</Filter>
    </ClInclude>
    <ClInclude Include="adb_unique_fd.h">
      <Filter>头文件</Filter>
    </ClInclude>
    <ClInclude Include="network.h">
      <Filter>sysdeps</Filter>
    </ClInclude>
    <ClInclude Include="stat.h">
      <Filter>sysdeps</Filter>
    </ClInclude>
    <ClInclude Include="adb.h">
      <Filter>头文件</Filter>
    </ClInclude>
    <ClInclude Include="fdevent.h">
      <Filter>fdevent</Filter>
    </ClInclude>
    <ClInclude Include="socket.h">
      <Filter>头文件</Filter>
    </ClInclude>
    <ClInclude Include="types.h">
      <Filter>头文件</Filter>
    </ClInclude>
    <ClInclude Include="uio.h">
      <Filter>sysdeps</Filter>
    </ClInclude>
    <ClInclude Include="sockets.h">
      <Filter>cutils</Filter>
    </ClInclude>
    <ClInclude Include="adb_utils.h">
      <Filter>头文件</Filter>
    </ClInclude>
    <ClInclude Include="dirent-win32.h">
      <Filter>dirent</Filter>
    </ClInclude>
    <ClInclude Include="diagnose_usb.h">
      <Filter>diagnose_usb</Filter>
    </ClInclude>
    <ClInclude Include="adb_auth.h">
      <Filter>头文件</Filter>
    </ClInclude>
    <ClInclude Include="rsa_2048_key.h">
      <Filter>crypto</Filter>
    </ClInclude>
    <ClInclude Include="key.h">
      <Filter>crypto</Filter>
    </ClInclude>
    <ClInclude Include="adb_io.h">
      <Filter>头文件</Filter>
    </ClInclude>
    <ClInclude Include="adb_listeners.h">
      <Filter>头文件</Filter>
    </ClInclude>
    <ClInclude Include="socket_spec.h">
      <Filter>头文件</Filter>
    </ClInclude>
    <ClInclude Include="adb_mdns.h">
      <Filter>头文件</Filter>
    </ClInclude>
    <ClInclude Include="chrono.h">
      <Filter>sysdeps</Filter>
    </ClInclude>
    <ClInclude Include="transport.h">
      <Filter>头文件</Filter>
    </ClInclude>
    <ClInclude Include="x509_generator.h">
      <Filter>crypto</Filter>
    </ClInclude>
    <ClInclude Include="android_pubkey.h">
      <Filter>crypto_utils</Filter>
    </ClInclude>
    <ClInclude Include="usb.h">
      <Filter>client</Filter>
    </ClInclude>
    <ClInclude Include="tls_connection.h">
      <Filter>tls</Filter>
    </ClInclude>
    <ClInclude Include="config.h">
      <Filter>discovery</Filter>
    </ClInclude>
    <ClInclude Include="interface_info.h">
      <Filter>platform\base</Filter>
    </ClInclude>
    <ClInclude Include="ip_address.h">
      <Filter>platform\base</Filter>
    </ClInclude>
    <ClInclude Include="error.h">
      <Filter>platform\base</Filter>
    </ClInclude>
    <ClInclude Include="reporting_client.h">
      <Filter>discovery</Filter>
    </ClInclude>
    <ClInclude Include="dns_sd_service.h">
      <Filter>discovery</Filter>
    </ClInclude>
    <ClInclude Include="dns_sd_service_factory.h">
      <Filter>discovery\public</Filter>
    </ClInclude>
    <ClInclude Include="serial_delete_ptr.h">
      <Filter>platform\api</Filter>
    </ClInclude>
    <ClInclude Include="task_runner.h">
      <Filter>platform\api</Filter>
    </ClInclude>
    <ClInclude Include="time.h">
      <Filter>platform\api</Filter>
    </ClInclude>
    <ClInclude Include="trivial_clock_traits.h">
      <Filter>platform\base</Filter>
    </ClInclude>
    <ClInclude Include="network_interface.h">
      <Filter>platform\api</Filter>
    </ClInclude>
    <ClInclude Include="adb_client.h">
      <Filter>client</Filter>
    </ClInclude>
    <ClInclude Include="adb_wifi.h">
      <Filter>头文件</Filter>
    </ClInclude>
    <ClInclude Include="mdns_utils.h">
      <Filter>client</Filter>
    </ClInclude>
    <ClInclude Include="mdns_service_watcher.h">
      <Filter>client\openscreen</Filter>
    </ClInclude>
    <ClInclude Include="mdns_service_info.h">
      <Filter>client\openscreen</Filter>
    </ClInclude>
    <ClInclude Include="dns_sd_instance_endpoint.h">
      <Filter>discovery\dnssd\public</Filter>
    </ClInclude>
    <ClInclude Include="dns_sd_instance.h">
      <Filter>discovery\dnssd\public</Filter>
    </ClInclude>
    <ClInclude Include="dns_sd_txt_record.h">
      <Filter>discovery\dnssd\public</Filter>
    </ClInclude>
    <ClInclude Include="std_util.h">
      <Filter>util</Filter>
    </ClInclude>
    <ClInclude Include="dns_sd_service_watcher.h">
      <Filter>discovery\public</Filter>
    </ClInclude>
    <ClInclude Include="dns_sd_querier.h">
      <Filter>discovery\dnssd\public</Filter>
    </ClInclude>
    <ClInclude Include="hashing.h">
      <Filter>util</Filter>
    </ClInclude>
    <ClInclude Include="fdevent_poll.h">
      <Filter>fdevent</Filter>
    </ClInclude>
    <ClInclude Include="pairing_client.h">
      <Filter>client\pairing</Filter>
    </ClInclude>
    <ClInclude Include="pairing_connection.h">
      <Filter>pairing_connection</Filter>
    </ClInclude>
    <ClInclude Include="adb_known_hosts.pb.h">
      <Filter>proto</Filter>
    </ClInclude>
    <ClInclude Include="key_type.pb.h">
      <Filter>proto</Filter>
    </ClInclude>
    <ClInclude Include="adb_api.h">
      <Filter>头文件</Filter>
    </ClInclude>
    <ClInclude Include="services.h">
      <Filter>头文件</Filter>
    </ClInclude>
    <ClInclude Include="adb_ca_list.h">
      <Filter>tls</Filter>
    </ClInclude>
    <ClInclude Include="env.h">
      <Filter>sysdeps</Filter>
    </ClInclude>
    <ClInclude Include="service_dispatcher.h">
      <Filter>discovery\dnssd\impl</Filter>
    </ClInclude>
    <ClInclude Include="querier_impl.h">
      <Filter>discovery\dnssd\impl</Filter>
    </ClInclude>
    <ClInclude Include="constants.h">
      <Filter>discovery\dnssd\impl</Filter>
    </ClInclude>
    <ClInclude Include="mdns_records.h">
      <Filter>discovery\mdns</Filter>
    </ClInclude>
    <ClInclude Include="mdns_constants.h">
      <Filter>discovery\mdns\public</Filter>
    </ClInclude>
    <ClInclude Include="service_instance.h">
      <Filter>discovery\dnssd\impl</Filter>
    </ClInclude>
    <ClInclude Include="network_interface_config.h">
      <Filter>discovery\dnssd\impl</Filter>
    </ClInclude>
    <ClInclude Include="publisher_impl.h">
      <Filter>discovery\dnssd\impl</Filter>
    </ClInclude>
    <ClInclude Include="conversion_layer.h">
      <Filter>discovery\dnssd\impl</Filter>
    </ClInclude>
    <ClInclude Include="dns_sd_publisher.h">
      <Filter>discovery\dnssd\impl</Filter>
    </ClInclude>
    <ClInclude Include="mdns_domain_confirmed_provider.h">
      <Filter>discovery\mdns</Filter>
    </ClInclude>
    <ClInclude Include="mdns_service.h">
      <Filter>discovery\mdns\public</Filter>
    </ClInclude>
    <ClInclude Include="dns_data_graph.h">
      <Filter>discovery\dnssd\impl</Filter>
    </ClInclude>
    <ClInclude Include="mdns_record_changed_callback.h">
      <Filter>discovery\mdns</Filter>
    </ClInclude>
    <ClInclude Include="instance_key.h">
      <Filter>discovery\dnssd</Filter>
    </ClInclude>
    <ClInclude Include="service_key.h">
      <Filter>discovery\dnssd\impl</Filter>
    </ClInclude>
    <ClInclude Include="pairing_auth.h">
      <Filter>pairing_auth</Filter>
    </ClInclude>
    <ClInclude Include="pairing.pb.h">
      <Filter>proto</Filter>
    </ClInclude>
    <ClInclude Include="aes_128_gcm.h">
      <Filter>pairing</Filter>
    </ClInclude>
    <ClInclude Include="mdns_service_impl.h">
      <Filter>discovery\mdns</Filter>
    </ClInclude>
    <ClInclude Include="mdns_probe_manager.h">
      <Filter>discovery\mdns</Filter>
    </ClInclude>
    <ClInclude Include="mdns_publisher.h">
      <Filter>discovery\mdns</Filter>
    </ClInclude>
    <ClInclude Include="mdns_responder.h">
      <Filter>discovery\mdns</Filter>
    </ClInclude>
    <ClInclude Include="alarm.h">
      <Filter>util</Filter>
    </ClInclude>
    <ClInclude Include="mdns_random.h">
      <Filter>discovery\mdns</Filter>
    </ClInclude>
    <ClInclude Include="mdns_querier.h">
      <Filter>discovery\mdns</Filter>
    </ClInclude>
    <ClInclude Include="mdns_receiver.h">
      <Filter>discovery\mdns</Filter>
    </ClInclude>
    <ClInclude Include="udp_socket.h">
      <Filter>platform\api</Filter>
    </ClInclude>
    <ClInclude Include="udp_packet.h">
      <Filter>platform\base</Filter>
    </ClInclude>
    <ClInclude Include="mdns_sender.h">
      <Filter>discovery\mdns</Filter>
    </ClInclude>
    <ClInclude Include="mdns_writer.h">
      <Filter>discovery\mdns</Filter>
    </ClInclude>
    <ClInclude Include="big_endian.h">
      <Filter>util</Filter>
    </ClInclude>
    <ClInclude Include="mdns_probe.h">
      <Filter>discovery\mdns</Filter>
    </ClInclude>
    <ClInclude Include="mdns_trackers.h">
      <Filter>discovery\mdns</Filter>
    </ClInclude>
    <ClInclude Include="mdns_reader.h">
      <Filter>discovery\mdns</Filter>
    </ClInclude>
    <ClInclude Include="chrono_helpers.h">
      <Filter>util</Filter>
    </ClInclude>
  </ItemGroup>
</Project>